
Microsoft Visual Studio Solution File, Format Version 12.00
# Visual Studio 15
VisualStudioVersion = 15.0.27130.2036
MinimumVisualStudioVersion = 10.0.40219.1
Project("{8BC9CEB8-8B4A-11D0-8D11-00A0C91BC942}") = "lab8-out", "lab8-out.vcxproj", "{E973E5BC-6483-4209-A00D-6EEBB10CF4C7}"
EndProject
Global
	GlobalSection(SolutionConfigurationPlatforms) = preSolution
		Debug|x64 = Debug|x64
		Debug|x86 = Debug|x86
		Release|x64 = Release|x64
		Release|x86 = Release|x86
	EndGlobalSection
	GlobalSection(ProjectConfigurationPlatforms) = postSolution
		{E973E5BC-6483-4209-A00D-6EEBB10CF4C7}.Debug|x64.ActiveCfg = Debug|x64
		{E973E5BC-6483-4209-A00D-6EEBB10CF4C7}.Debug|x64.Build.0 = Debug|x64
		{E973E5BC-6483-4209-A00D-6EEBB10CF4C7}.Debug|x86.ActiveCfg = Debug|Win32
		{E973E5BC-6483-4209-A00D-6EEBB10CF4C7}.Debug|x86.Build.0 = Debug|Win32
		{E973E5BC-6483-4209-A00D-6EEBB10CF4C7}.Release|x64.ActiveCfg = Release|x64
		{E973E5BC-6483-4209-A00D-6EEBB10CF4C7}.Release|x64.Build.0 = Release|x64
		{E973E5BC-6483-4209-A00D-6EEBB10CF4C7}.Release|x86.ActiveCfg = Release|Win32
		{E973E5BC-6483-4209-A00D-6EEBB10CF4C7}.Release|x86.Build.0 = Release|Win32
	EndGlobalSection
	GlobalSection(SolutionProperties) = preSolution
		HideSolutionNode = FALSE
	EndGlobalSection
	GlobalSection(ExtensibilityGlobals) = postSolution
		SolutionGuid = {4A5CA12E-0D4B-469A-BC26-B86E3B8CFF89}
	EndGlobalSection
EndGlobal
