
Microsoft Visual Studio Solution File, Format Version 12.00
# Visual Studio 15
VisualStudioVersion = 15.0.27130.2027
MinimumVisualStudioVersion = 10.0.40219.1
Project("{8BC9CEB8-8B4A-11D0-8D11-00A0C91BC942}") = "test1p2", "test1p2.vcxproj", "{946D5CA0-246B-4FBF-8C11-063D84402535}"
EndProject
Global
	GlobalSection(SolutionConfigurationPlatforms) = preSolution
		Debug|x64 = Debug|x64
		Debug|x86 = Debug|x86
		Release|x64 = Release|x64
		Release|x86 = Release|x86
	EndGlobalSection
	GlobalSection(ProjectConfigurationPlatforms) = postSolution
		{946D5CA0-246B-4FBF-8C11-063D84402535}.Debug|x64.ActiveCfg = Debug|x64
		{946D5CA0-246B-4FBF-8C11-063D84402535}.Debug|x64.Build.0 = Debug|x64
		{946D5CA0-246B-4FBF-8C11-063D84402535}.Debug|x86.ActiveCfg = Debug|Win32
		{946D5CA0-246B-4FBF-8C11-063D84402535}.Debug|x86.Build.0 = Debug|Win32
		{946D5CA0-246B-4FBF-8C11-063D84402535}.Release|x64.ActiveCfg = Release|x64
		{946D5CA0-246B-4FBF-8C11-063D84402535}.Release|x64.Build.0 = Release|x64
		{946D5CA0-246B-4FBF-8C11-063D84402535}.Release|x86.ActiveCfg = Release|Win32
		{946D5CA0-246B-4FBF-8C11-063D84402535}.Release|x86.Build.0 = Release|Win32
	EndGlobalSection
	GlobalSection(SolutionProperties) = preSolution
		HideSolutionNode = FALSE
	EndGlobalSection
	GlobalSection(ExtensibilityGlobals) = postSolution
		SolutionGuid = {7867CA88-47A0-4587-89F0-E5EFC230DFB8}
	EndGlobalSection
EndGlobal
