
Microsoft Visual Studio Solution File, Format Version 12.00
# Visual Studio 15
VisualStudioVersion = 15.0.27130.2027
MinimumVisualStudioVersion = 10.0.40219.1
Project("{8BC9CEB8-8B4A-11D0-8D11-00A0C91BC942}") = "intro-to-oop-lecture", "intro-to-oop-lecture.vcxproj", "{E8343EAC-4A99-4DE0-9514-AA91FA895ADB}"
EndProject
Global
	GlobalSection(SolutionConfigurationPlatforms) = preSolution
		Debug|x64 = Debug|x64
		Debug|x86 = Debug|x86
		Release|x64 = Release|x64
		Release|x86 = Release|x86
	EndGlobalSection
	GlobalSection(ProjectConfigurationPlatforms) = postSolution
		{E8343EAC-4A99-4DE0-9514-AA91FA895ADB}.Debug|x64.ActiveCfg = Debug|x64
		{E8343EAC-4A99-4DE0-9514-AA91FA895ADB}.Debug|x64.Build.0 = Debug|x64
		{E8343EAC-4A99-4DE0-9514-AA91FA895ADB}.Debug|x86.ActiveCfg = Debug|Win32
		{E8343EAC-4A99-4DE0-9514-AA91FA895ADB}.Debug|x86.Build.0 = Debug|Win32
		{E8343EAC-4A99-4DE0-9514-AA91FA895ADB}.Release|x64.ActiveCfg = Release|x64
		{E8343EAC-4A99-4DE0-9514-AA91FA895ADB}.Release|x64.Build.0 = Release|x64
		{E8343EAC-4A99-4DE0-9514-AA91FA895ADB}.Release|x86.ActiveCfg = Release|Win32
		{E8343EAC-4A99-4DE0-9514-AA91FA895ADB}.Release|x86.Build.0 = Release|Win32
	EndGlobalSection
	GlobalSection(SolutionProperties) = preSolution
		HideSolutionNode = FALSE
	EndGlobalSection
	GlobalSection(ExtensibilityGlobals) = postSolution
		SolutionGuid = {4CFA6C7C-2D46-4F45-844E-FE5A9B53785C}
	EndGlobalSection
EndGlobal
