
Microsoft Visual Studio Solution File, Format Version 12.00
# Visual Studio 15
VisualStudioVersion = 15.0.27130.2036
MinimumVisualStudioVersion = 10.0.40219.1
Project("{8BC9CEB8-8B4A-11D0-8D11-00A0C91BC942}") = "inheritance_lecture_example", "inheritance_lecture_example.vcxproj", "{433F2CA1-F060-4E58-ABA5-2AAE10E12609}"
EndProject
Global
	GlobalSection(SolutionConfigurationPlatforms) = preSolution
		Debug|x64 = Debug|x64
		Debug|x86 = Debug|x86
		Release|x64 = Release|x64
		Release|x86 = Release|x86
	EndGlobalSection
	GlobalSection(ProjectConfigurationPlatforms) = postSolution
		{433F2CA1-F060-4E58-ABA5-2AAE10E12609}.Debug|x64.ActiveCfg = Debug|x64
		{433F2CA1-F060-4E58-ABA5-2AAE10E12609}.Debug|x64.Build.0 = Debug|x64
		{433F2CA1-F060-4E58-ABA5-2AAE10E12609}.Debug|x86.ActiveCfg = Debug|Win32
		{433F2CA1-F060-4E58-ABA5-2AAE10E12609}.Debug|x86.Build.0 = Debug|Win32
		{433F2CA1-F060-4E58-ABA5-2AAE10E12609}.Release|x64.ActiveCfg = Release|x64
		{433F2CA1-F060-4E58-ABA5-2AAE10E12609}.Release|x64.Build.0 = Release|x64
		{433F2CA1-F060-4E58-ABA5-2AAE10E12609}.Release|x86.ActiveCfg = Release|Win32
		{433F2CA1-F060-4E58-ABA5-2AAE10E12609}.Release|x86.Build.0 = Release|Win32
	EndGlobalSection
	GlobalSection(SolutionProperties) = preSolution
		HideSolutionNode = FALSE
	EndGlobalSection
	GlobalSection(ExtensibilityGlobals) = postSolution
		SolutionGuid = {26844914-73C2-4DEB-B374-8A9E150212D2}
	EndGlobalSection
EndGlobal
